
Microsoft Visual Studio Solution File, Format Version 12.00
# Visual Studio Version 17
VisualStudioVersion = 17.13.35825.156 d17.13
MinimumVisualStudioVersion = 10.0.40219.1
Project("{FAE04EC0-301F-11D3-BF4B-00C04F79EFBC}") = "tpmod4_103022300126", "tpmod4_103022300126\tpmod4_103022300126.csproj", "{5BD1AA7A-5880-460B-B528-1D2A6DF15CC6}"
EndProject
Global
	GlobalSection(SolutionConfigurationPlatforms) = preSolution
		Debug|Any CPU = Debug|Any CPU
		Release|Any CPU = Release|Any CPU
	EndGlobalSection
	GlobalSection(ProjectConfigurationPlatforms) = postSolution
		{5BD1AA7A-5880-460B-B528-1D2A6DF15CC6}.Debug|Any CPU.ActiveCfg = Debug|Any CPU
		{5BD1AA7A-5880-460B-B528-1D2A6DF15CC6}.Debug|Any CPU.Build.0 = Debug|Any CPU
		{5BD1AA7A-5880-460B-B528-1D2A6DF15CC6}.Release|Any CPU.ActiveCfg = Release|Any CPU
		{5BD1AA7A-5880-460B-B528-1D2A6DF15CC6}.Release|Any CPU.Build.0 = Release|Any CPU
	EndGlobalSection
	GlobalSection(SolutionProperties) = preSolution
		HideSolutionNode = FALSE
	EndGlobalSection
	GlobalSection(ExtensibilityGlobals) = postSolution
		SolutionGuid = {3F3BC5B9-F2BA-44B0-9286-C8D51B6556B7}
	EndGlobalSection
EndGlobal
